
Microsoft Visual Studio Solution File, Format Version 11.00
# Visual C# Express 2010
Project("{FAE04EC0-301F-11D3-BF4B-00C04F79EFBC}") = "Shoe Thing V.2", "Shoe Thing V.2\Shoe Thing V.2.csproj", "{A88B2864-9FEB-4212-A17B-1E45D4A944EB}"
EndProject
Global
	GlobalSection(SolutionConfigurationPlatforms) = preSolution
		Debug|x86 = Debug|x86
		Release|x86 = Release|x86
	EndGlobalSection
	GlobalSection(ProjectConfigurationPlatforms) = postSolution
		{A88B2864-9FEB-4212-A17B-1E45D4A944EB}.Debug|x86.ActiveCfg = Debug|x86
		{A88B2864-9FEB-4212-A17B-1E45D4A944EB}.Debug|x86.Build.0 = Debug|x86
		{A88B2864-9FEB-4212-A17B-1E45D4A944EB}.Release|x86.ActiveCfg = Release|x86
		{A88B2864-9FEB-4212-A17B-1E45D4A944EB}.Release|x86.Build.0 = Release|x86
	EndGlobalSection
	GlobalSection(SolutionProperties) = preSolution
		HideSolutionNode = FALSE
	EndGlobalSection
EndGlobal
